
Microsoft Visual Studio Solution File, Format Version 12.00
# Visual Studio 15
VisualStudioVersion = 15.0.28307.271
MinimumVisualStudioVersion = 10.0.40219.1
Project("{9A19103F-16F7-4668-BE54-9A1E7A4F7556}") = "SevenTiny.Cloud.UserFramework.Core", "..\10-Code\SevenTiny.Cloud.UserFramework.Core\SevenTiny.Cloud.UserFramework.Core.csproj", "{887DB935-C787-4AEB-9802-0D31F8294031}"
EndProject
Project("{2150E333-8FDC-42A3-9474-1A3956D46DE8}") = "Component", "Component", "{8405A102-2226-45B1-A446-D953A0242EA5}"
EndProject
Project("{2150E333-8FDC-42A3-9474-1A3956D46DE8}") = "Common", "Common", "{2A94FE99-94EB-4375-91C0-4EA59B2BF142}"
EndProject
Project("{9A19103F-16F7-4668-BE54-9A1E7A4F7556}") = "SevenTiny.Cloud.UserFramework.Infrastructure", "..\10-Code\SevenTiny.Cloud.UserFramework.Infrastructure\SevenTiny.Cloud.UserFramework.Infrastructure.csproj", "{81999A13-7EE3-48FD-BD6C-F2DE0E632EC2}"
EndProject
Project("{2150E333-8FDC-42A3-9474-1A3956D46DE8}") = "Test", "Test", "{FEC1B0F1-40B6-4C36-AB58-4420F4BA755C}"
EndProject
Project("{9A19103F-16F7-4668-BE54-9A1E7A4F7556}") = "SevenTiny.Cloud.UserFramework.UserManagement", "..\10-Code\SevenTiny.Cloud.UserFramework.UserManagement\SevenTiny.Cloud.UserFramework.UserManagement.csproj", "{E5B24144-0081-4D12-B755-387DED2DEB55}"
EndProject
Project("{2150E333-8FDC-42A3-9474-1A3956D46DE8}") = "Presentation", "Presentation", "{304457F3-B2AD-4AA8-AAAD-0044F6A50BB8}"
EndProject
Project("{FAE04EC0-301F-11D3-BF4B-00C04F79EFBC}") = "SevenTiny.Cloud.UserFramework.Api", "..\10-Code\SevenTiny.Cloud.UserFramework.Api\SevenTiny.Cloud.UserFramework.Api.csproj", "{0E049369-8091-472C-A24C-832020BBCCE8}"
EndProject
Project("{2150E333-8FDC-42A3-9474-1A3956D46DE8}") = "00-documents", "00-documents", "{0B50CE95-6CCE-4B4D-831B-891330F32387}"
	ProjectSection(SolutionItems) = preProject
		注册流程.md = 注册流程.md
		登陆流程.md = 登陆流程.md
	EndProjectSection
EndProject
Project("{FAE04EC0-301F-11D3-BF4B-00C04F79EFBC}") = "Test.SevenTiny.Cloud.UserFramework.Core", "..\10-Code\Test.SevenTiny.Cloud.UserFramework.Core\Test.SevenTiny.Cloud.UserFramework.Core.csproj", "{6B680027-B4B3-4103-BA4B-D2C8743852FD}"
EndProject
Global
	GlobalSection(SolutionConfigurationPlatforms) = preSolution
		Debug|Any CPU = Debug|Any CPU
		Release|Any CPU = Release|Any CPU
	EndGlobalSection
	GlobalSection(ProjectConfigurationPlatforms) = postSolution
		{887DB935-C787-4AEB-9802-0D31F8294031}.Debug|Any CPU.ActiveCfg = Debug|Any CPU
		{887DB935-C787-4AEB-9802-0D31F8294031}.Debug|Any CPU.Build.0 = Debug|Any CPU
		{887DB935-C787-4AEB-9802-0D31F8294031}.Release|Any CPU.ActiveCfg = Release|Any CPU
		{887DB935-C787-4AEB-9802-0D31F8294031}.Release|Any CPU.Build.0 = Release|Any CPU
		{81999A13-7EE3-48FD-BD6C-F2DE0E632EC2}.Debug|Any CPU.ActiveCfg = Debug|Any CPU
		{81999A13-7EE3-48FD-BD6C-F2DE0E632EC2}.Debug|Any CPU.Build.0 = Debug|Any CPU
		{81999A13-7EE3-48FD-BD6C-F2DE0E632EC2}.Release|Any CPU.ActiveCfg = Release|Any CPU
		{81999A13-7EE3-48FD-BD6C-F2DE0E632EC2}.Release|Any CPU.Build.0 = Release|Any CPU
		{E5B24144-0081-4D12-B755-387DED2DEB55}.Debug|Any CPU.ActiveCfg = Debug|Any CPU
		{E5B24144-0081-4D12-B755-387DED2DEB55}.Debug|Any CPU.Build.0 = Debug|Any CPU
		{E5B24144-0081-4D12-B755-387DED2DEB55}.Release|Any CPU.ActiveCfg = Release|Any CPU
		{E5B24144-0081-4D12-B755-387DED2DEB55}.Release|Any CPU.Build.0 = Release|Any CPU
		{0E049369-8091-472C-A24C-832020BBCCE8}.Debug|Any CPU.ActiveCfg = Debug|Any CPU
		{0E049369-8091-472C-A24C-832020BBCCE8}.Debug|Any CPU.Build.0 = Debug|Any CPU
		{0E049369-8091-472C-A24C-832020BBCCE8}.Release|Any CPU.ActiveCfg = Release|Any CPU
		{0E049369-8091-472C-A24C-832020BBCCE8}.Release|Any CPU.Build.0 = Release|Any CPU
		{6B680027-B4B3-4103-BA4B-D2C8743852FD}.Debug|Any CPU.ActiveCfg = Debug|Any CPU
		{6B680027-B4B3-4103-BA4B-D2C8743852FD}.Debug|Any CPU.Build.0 = Debug|Any CPU
		{6B680027-B4B3-4103-BA4B-D2C8743852FD}.Release|Any CPU.ActiveCfg = Release|Any CPU
		{6B680027-B4B3-4103-BA4B-D2C8743852FD}.Release|Any CPU.Build.0 = Release|Any CPU
	EndGlobalSection
	GlobalSection(SolutionProperties) = preSolution
		HideSolutionNode = FALSE
	EndGlobalSection
	GlobalSection(NestedProjects) = preSolution
		{887DB935-C787-4AEB-9802-0D31F8294031} = {8405A102-2226-45B1-A446-D953A0242EA5}
		{81999A13-7EE3-48FD-BD6C-F2DE0E632EC2} = {2A94FE99-94EB-4375-91C0-4EA59B2BF142}
		{E5B24144-0081-4D12-B755-387DED2DEB55} = {8405A102-2226-45B1-A446-D953A0242EA5}
		{0E049369-8091-472C-A24C-832020BBCCE8} = {304457F3-B2AD-4AA8-AAAD-0044F6A50BB8}
		{6B680027-B4B3-4103-BA4B-D2C8743852FD} = {FEC1B0F1-40B6-4C36-AB58-4420F4BA755C}
	EndGlobalSection
	GlobalSection(ExtensibilityGlobals) = postSolution
		SolutionGuid = {EC20692A-631E-4F97-8778-343FC09BB7A9}
	EndGlobalSection
EndGlobal
